
Microsoft Visual Studio Solution File, Format Version 12.00
# Visual Studio Version 17
VisualStudioVersion = 17.14.36623.8
MinimumVisualStudioVersion = 10.0.40219.1
Project("{FAE04EC0-301F-11D3-BF4B-00C04F79EFBC}") = "CSharpSelenium", "CSharp-Selenium\CSharpSelenium.csproj", "{B2344C09-9179-435C-B2AF-05DB90B4CC38}"
EndProject
Global
	GlobalSection(SolutionConfigurationPlatforms) = preSolution
		Debug|Any CPU = Debug|Any CPU
		Release|Any CPU = Release|Any CPU
	EndGlobalSection
	GlobalSection(ProjectConfigurationPlatforms) = postSolution
		{B2344C09-9179-435C-B2AF-05DB90B4CC38}.Debug|Any CPU.ActiveCfg = Debug|Any CPU
		{B2344C09-9179-435C-B2AF-05DB90B4CC38}.Debug|Any CPU.Build.0 = Debug|Any CPU
		{B2344C09-9179-435C-B2AF-05DB90B4CC38}.Release|Any CPU.ActiveCfg = Release|Any CPU
		{B2344C09-9179-435C-B2AF-05DB90B4CC38}.Release|Any CPU.Build.0 = Release|Any CPU
	EndGlobalSection
	GlobalSection(SolutionProperties) = preSolution
		HideSolutionNode = FALSE
	EndGlobalSection
	GlobalSection(ExtensibilityGlobals) = postSolution
		SolutionGuid = {41070C9C-D42F-430D-8C41-38D3FB047D3D}
	EndGlobalSection
EndGlobal
